// !$*UTF8*$!
{
	archiveVersion = 1;
	classes = {
	};
	objectVersion = 46;
	objects = {

/* Begin PBXBuildFile section */
		843863D419F71DC00095E6BB /* MathComputations.mm in Sources */ = {isa = PBXBuildFile; fileRef = 843863D319F71DC00095E6BB /* MathComputations.mm */; };
		843863D719F7216A0095E6BB /* StoreData.m in Sources */ = {isa = PBXBuildFile; fileRef = 843863D619F7216A0095E6BB /* StoreData.m */; };
		843CAAB11A6706D80046E549 /* ErrorCheck.m in Sources */ = {isa = PBXBuildFile; fileRef = 843CAAB01A6706D80046E549 /* ErrorCheck.m */; };
		845965861A69097C00D21723 /* Accelerate.framework in Frameworks */ = {isa = PBXBuildFile; fileRef = 845965851A69097C00D21723 /* Accelerate.framework */; };
		849224B11A34D70D006BEBF6 /* TabGraphViewController.m in Sources */ = {isa = PBXBuildFile; fileRef = 849224AF1A34D70D006BEBF6 /* TabGraphViewController.m */; };
		849224B21A34D70D006BEBF6 /* TabGraphViewController.xib in Resources */ = {isa = PBXBuildFile; fileRef = 849224B01A34D70D006BEBF6 /* TabGraphViewController.xib */; };
		849224B61A34D804006BEBF6 /* ScatterPlot2ViewController.m in Sources */ = {isa = PBXBuildFile; fileRef = 849224B41A34D804006BEBF6 /* ScatterPlot2ViewController.m */; };
		849224B71A34D804006BEBF6 /* ScatterPlot2ViewController.xib in Resources */ = {isa = PBXBuildFile; fileRef = 849224B51A34D804006BEBF6 /* ScatterPlot2ViewController.xib */; };
		849224BB1A34D818006BEBF6 /* ScatterPlot3ViewController.m in Sources */ = {isa = PBXBuildFile; fileRef = 849224B91A34D818006BEBF6 /* ScatterPlot3ViewController.m */; };
		849224BC1A34D818006BEBF6 /* ScatterPlot3ViewController.xib in Resources */ = {isa = PBXBuildFile; fileRef = 849224BA1A34D818006BEBF6 /* ScatterPlot3ViewController.xib */; };
		84D7B0FC1A13D28F0024DCE5 /* libCorePlot-CocoaTouch.a in Frameworks */ = {isa = PBXBuildFile; fileRef = 84D7B0FB1A13D28F0024DCE5 /* libCorePlot-CocoaTouch.a */; };
		84D7B14C1A13D4410024DCE5 /* QuartzCore.framework in Frameworks */ = {isa = PBXBuildFile; fileRef = 84D7B14B1A13D4410024DCE5 /* QuartzCore.framework */; };
		84D7B1511A13DF110024DCE5 /* ScatterPlotViewController.m in Sources */ = {isa = PBXBuildFile; fileRef = 84D7B14F1A13DF110024DCE5 /* ScatterPlotViewController.m */; };
		84D7B1521A13DF110024DCE5 /* ScatterPlotViewController.xib in Resources */ = {isa = PBXBuildFile; fileRef = 84D7B1501A13DF110024DCE5 /* ScatterPlotViewController.xib */; };
		84D7B2BB1A13E2670024DCE5 /* CoreImage.framework in Frameworks */ = {isa = PBXBuildFile; fileRef = 84D7B2BA1A13E2670024DCE5 /* CoreImage.framework */; };
		84D91E1019F5A7FD007A2172 /* Inputs.m in Sources */ = {isa = PBXBuildFile; fileRef = 84D91E0F19F5A7FD007A2172 /* Inputs.m */; };
		84DF601A1A69E92E00CF84F1 /* OverviewPlotsViewController.m in Sources */ = {isa = PBXBuildFile; fileRef = 84DF60181A69E92E00CF84F1 /* OverviewPlotsViewController.m */; };
		84DF601B1A69E92E00CF84F1 /* OverviewPlotsViewController.xib in Resources */ = {isa = PBXBuildFile; fileRef = 84DF60191A69E92E00CF84F1 /* OverviewPlotsViewController.xib */; };
		84ECB42319E9C39E00D5F795 /* main.m in Sources */ = {isa = PBXBuildFile; fileRef = 84ECB42219E9C39E00D5F795 /* main.m */; };
		84ECB42619E9C39E00D5F795 /* AppDelegate.m in Sources */ = {isa = PBXBuildFile; fileRef = 84ECB42519E9C39E00D5F795 /* AppDelegate.m */; };
		84ECB42E19E9C39E00D5F795 /* Images.xcassets in Resources */ = {isa = PBXBuildFile; fileRef = 84ECB42D19E9C39E00D5F795 /* Images.xcassets */; };
		84ECB43D19E9C39E00D5F795 /* THYROSIMTests.m in Sources */ = {isa = PBXBuildFile; fileRef = 84ECB43C19E9C39E00D5F795 /* THYROSIMTests.m */; };
		84ECB44919E9C77C00D5F795 /* QuickStartViewController.m in Sources */ = {isa = PBXBuildFile; fileRef = 84ECB44719E9C77C00D5F795 /* QuickStartViewController.m */; };
		84ECB44A19E9C77C00D5F795 /* QuickStartViewController.xib in Resources */ = {isa = PBXBuildFile; fileRef = 84ECB44819E9C77C00D5F795 /* QuickStartViewController.xib */; };
		84ECB45319E9C92300D5F795 /* PageOneViewController.m in Sources */ = {isa = PBXBuildFile; fileRef = 84ECB45119E9C92300D5F795 /* PageOneViewController.m */; };
		84ECB45419E9C92300D5F795 /* PageOneViewController.xib in Resources */ = {isa = PBXBuildFile; fileRef = 84ECB45219E9C92300D5F795 /* PageOneViewController.xib */; };
		84ECB45819E9C93400D5F795 /* PageTwoViewController.m in Sources */ = {isa = PBXBuildFile; fileRef = 84ECB45619E9C93400D5F795 /* PageTwoViewController.m */; };
		84ECB45919E9C93400D5F795 /* PageTwoViewController.xib in Resources */ = {isa = PBXBuildFile; fileRef = 84ECB45719E9C93400D5F795 /* PageTwoViewController.xib */; };
		84ECB46219E9C96800D5F795 /* RunSimulationViewController.m in Sources */ = {isa = PBXBuildFile; fileRef = 84ECB46019E9C96800D5F795 /* RunSimulationViewController.m */; };
		84ECB46319E9C96800D5F795 /* RunSimulationViewController.xib in Resources */ = {isa = PBXBuildFile; fileRef = 84ECB46119E9C96800D5F795 /* RunSimulationViewController.xib */; };
		84ECB46719E9C98A00D5F795 /* PageOneInputs.m in Sources */ = {isa = PBXBuildFile; fileRef = 84ECB46619E9C98A00D5F795 /* PageOneInputs.m */; };
		84ECB46A19E9C99700D5F795 /* PageTwoInputs.m in Sources */ = {isa = PBXBuildFile; fileRef = 84ECB46919E9C99700D5F795 /* PageTwoInputs.m */; };
		84ECB46D19E9C9A300D5F795 /* GraphDrawer.m in Sources */ = {isa = PBXBuildFile; fileRef = 84ECB46C19E9C9A300D5F795 /* GraphDrawer.m */; };
		84ECB46F19E9CE9100D5F795 /* Default-568h@2x.png in Resources */ = {isa = PBXBuildFile; fileRef = 84ECB46E19E9CE9100D5F795 /* Default-568h@2x.png */; };
		84ECB47419E9E71900D5F795 /* SwitchTableViewCell.m in Sources */ = {isa = PBXBuildFile; fileRef = 84ECB47219E9E71900D5F795 /* SwitchTableViewCell.m */; };
		84ECB47519E9E71900D5F795 /* SwitchTableViewCell.xib in Resources */ = {isa = PBXBuildFile; fileRef = 84ECB47319E9E71900D5F795 /* SwitchTableViewCell.xib */; };
		84ECB47919E9E72D00D5F795 /* TextInputTableViewCell.m in Sources */ = {isa = PBXBuildFile; fileRef = 84ECB47719E9E72D00D5F795 /* TextInputTableViewCell.m */; };
		84ECB47A19E9E72D00D5F795 /* TextInputTableViewCell.xib in Resources */ = {isa = PBXBuildFile; fileRef = 84ECB47819E9E72D00D5F795 /* TextInputTableViewCell.xib */; };
		84ECB47D19E9E90900D5F795 /* DataWrapper.m in Sources */ = {isa = PBXBuildFile; fileRef = 84ECB47C19E9E90900D5F795 /* DataWrapper.m */; };
		84ECB48219E9FB1400D5F795 /* PageTwoTableViewCell.m in Sources */ = {isa = PBXBuildFile; fileRef = 84ECB48019E9FB1400D5F795 /* PageTwoTableViewCell.m */; };
		84ECB48319E9FB1400D5F795 /* PageTwoTableViewCell.xib in Resources */ = {isa = PBXBuildFile; fileRef = 84ECB48119E9FB1400D5F795 /* PageTwoTableViewCell.xib */; };
		84ECB48719E9FD3800D5F795 /* InfusionTableViewCell.m in Sources */ = {isa = PBXBuildFile; fileRef = 84ECB48519E9FD3800D5F795 /* InfusionTableViewCell.m */; };
		84ECB48819E9FD3800D5F795 /* InfusionTableViewCell.xib in Resources */ = {isa = PBXBuildFile; fileRef = 84ECB48619E9FD3800D5F795 /* InfusionTableViewCell.xib */; };
		BC03F6D81A4623B20088F303 /* MathSolver.cpp in Sources */ = {isa = PBXBuildFile; fileRef = BC03F6D61A4623B20088F303 /* MathSolver.cpp */; };
		BCF1E9391A61DE7600CEDD9B /* rk45.cpp in Sources */ = {isa = PBXBuildFile; fileRef = BCF1E9371A61DE7600CEDD9B /* rk45.cpp */; };
/* End PBXBuildFile section */

/* Begin PBXContainerItemProxy section */
		845965811A6907DB00D21723 /* PBXContainerItemProxy */ = {
			isa = PBXContainerItemProxy;
			containerPortal = 8459657B1A6907DA00D21723 /* CorePlot-CocoaTouch.xcodeproj */;
			proxyType = 2;
			remoteGlobalIDString = BC9B83470FB8A0A40035D8DA;
			remoteInfo = "CorePlot-CocoaTouch";
		};
		845965831A6907EC00D21723 /* PBXContainerItemProxy */ = {
			isa = PBXContainerItemProxy;
			containerPortal = 8459657B1A6907DA00D21723 /* CorePlot-CocoaTouch.xcodeproj */;
			proxyType = 1;
			remoteGlobalIDString = BC9B83460FB8A0A40035D8DA;
			remoteInfo = "CorePlot-CocoaTouch";
		};
		84ECB43719E9C39E00D5F795 /* PBXContainerItemProxy */ = {
			isa = PBXContainerItemProxy;
			containerPortal = 84ECB41519E9C39E00D5F795 /* Project object */;
			proxyType = 1;
			remoteGlobalIDString = 84ECB41C19E9C39E00D5F795;
			remoteInfo = THYROSIM;
		};
/* End PBXContainerItemProxy section */

/* Begin PBXFileReference section */
		843863D219F71DC00095E6BB /* MathComputations.h */ = {isa = PBXFileReference; fileEncoding = 4; lastKnownFileType = sourcecode.c.h; path = MathComputations.h; sourceTree = "<group>"; };
		843863D319F71DC00095E6BB /* MathComputations.mm */ = {isa = PBXFileReference; explicitFileType = sourcecode.cpp.objcpp; fileEncoding = 4; path = MathComputations.mm; sourceTree = "<group>"; };
		843863D519F7216A0095E6BB /* StoreData.h */ = {isa = PBXFileReference; fileEncoding = 4; lastKnownFileType = sourcecode.c.h; path = StoreData.h; sourceTree = "<group>"; };
		843863D619F7216A0095E6BB /* StoreData.m */ = {isa = PBXFileReference; fileEncoding = 4; lastKnownFileType = sourcecode.c.objc; path = StoreData.m; sourceTree = "<group>"; };
		843CAAAF1A6706D80046E549 /* ErrorCheck.h */ = {isa = PBXFileReference; fileEncoding = 4; lastKnownFileType = sourcecode.c.h; path = ErrorCheck.h; sourceTree = "<group>"; };
		843CAAB01A6706D80046E549 /* ErrorCheck.m */ = {isa = PBXFileReference; fileEncoding = 4; lastKnownFileType = sourcecode.c.objc; path = ErrorCheck.m; sourceTree = "<group>"; };
		843CAAB21A6708F00046E549 /* ErrorEnums.h */ = {isa = PBXFileReference; lastKnownFileType = sourcecode.c.h; path = ErrorEnums.h; sourceTree = "<group>"; };
		8459657B1A6907DA00D21723 /* CorePlot-CocoaTouch.xcodeproj */ = {isa = PBXFileReference; lastKnownFileType = "wrapper.pb-project"; name = "CorePlot-CocoaTouch.xcodeproj"; path = "../../core-plot-master/framework/CorePlot-CocoaTouch.xcodeproj"; sourceTree = "<group>"; };
		845965851A69097C00D21723 /* Accelerate.framework */ = {isa = PBXFileReference; lastKnownFileType = wrapper.framework; name = Accelerate.framework; path = System/Library/Frameworks/Accelerate.framework; sourceTree = SDKROOT; };
		849224AE1A34D70D006BEBF6 /* TabGraphViewController.h */ = {isa = PBXFileReference; fileEncoding = 4; lastKnownFileType = sourcecode.c.h; path = TabGraphViewController.h; sourceTree = "<group>"; };
		849224AF1A34D70D006BEBF6 /* TabGraphViewController.m */ = {isa = PBXFileReference; fileEncoding = 4; lastKnownFileType = sourcecode.c.objc; path = TabGraphViewController.m; sourceTree = "<group>"; };
		849224B01A34D70D006BEBF6 /* TabGraphViewController.xib */ = {isa = PBXFileReference; fileEncoding = 4; lastKnownFileType = file.xib; path = TabGraphViewController.xib; sourceTree = "<group>"; };
		849224B31A34D804006BEBF6 /* ScatterPlot2ViewController.h */ = {isa = PBXFileReference; fileEncoding = 4; lastKnownFileType = sourcecode.c.h; path = ScatterPlot2ViewController.h; sourceTree = "<group>"; };
		849224B41A34D804006BEBF6 /* ScatterPlot2ViewController.m */ = {isa = PBXFileReference; fileEncoding = 4; lastKnownFileType = sourcecode.c.objc; path = ScatterPlot2ViewController.m; sourceTree = "<group>"; };
		849224B51A34D804006BEBF6 /* ScatterPlot2ViewController.xib */ = {isa = PBXFileReference; fileEncoding = 4; lastKnownFileType = file.xib; path = ScatterPlot2ViewController.xib; sourceTree = "<group>"; };
		849224B81A34D818006BEBF6 /* ScatterPlot3ViewController.h */ = {isa = PBXFileReference; fileEncoding = 4; lastKnownFileType = sourcecode.c.h; path = ScatterPlot3ViewController.h; sourceTree = "<group>"; };
		849224B91A34D818006BEBF6 /* ScatterPlot3ViewController.m */ = {isa = PBXFileReference; fileEncoding = 4; lastKnownFileType = sourcecode.c.objc; path = ScatterPlot3ViewController.m; sourceTree = "<group>"; };
		849224BA1A34D818006BEBF6 /* ScatterPlot3ViewController.xib */ = {isa = PBXFileReference; fileEncoding = 4; lastKnownFileType = file.xib; path = ScatterPlot3ViewController.xib; sourceTree = "<group>"; };
		84D7B0FB1A13D28F0024DCE5 /* libCorePlot-CocoaTouch.a */ = {isa = PBXFileReference; lastKnownFileType = archive.ar; path = "libCorePlot-CocoaTouch.a"; sourceTree = "<group>"; };
		84D7B0FD1A13D2B10024DCE5 /* CorePlot-CocoaTouch.h */ = {isa = PBXFileReference; lastKnownFileType = sourcecode.c.h; path = "CorePlot-CocoaTouch.h"; sourceTree = "<group>"; };
		84D7B0FE1A13D2B10024DCE5 /* CPTAnimation.h */ = {isa = PBXFileReference; lastKnownFileType = sourcecode.c.h; path = CPTAnimation.h; sourceTree = "<group>"; };
		84D7B0FF1A13D2B10024DCE5 /* CPTAnimationOperation.h */ = {isa = PBXFileReference; lastKnownFileType = sourcecode.c.h; path = CPTAnimationOperation.h; sourceTree = "<group>"; };
		84D7B1001A13D2B10024DCE5 /* CPTAnimationPeriod.h */ = {isa = PBXFileReference; lastKnownFileType = sourcecode.c.h; path = CPTAnimationPeriod.h; sourceTree = "<group>"; };
		84D7B1011A13D2B10024DCE5 /* CPTAnnotation.h */ = {isa = PBXFileReference; lastKnownFileType = sourcecode.c.h; path = CPTAnnotation.h; sourceTree = "<group>"; };
		84D7B1021A13D2B10024DCE5 /* CPTAnnotationHostLayer.h */ = {isa = PBXFileReference; lastKnownFileType = sourcecode.c.h; path = CPTAnnotationHostLayer.h; sourceTree = "<group>"; };
		84D7B1031A13D2B10024DCE5 /* CPTAxis.h */ = {isa = PBXFileReference; lastKnownFileType = sourcecode.c.h; path = CPTAxis.h; sourceTree = "<group>"; };
		84D7B1041A13D2B10024DCE5 /* CPTAxisLabel.h */ = {isa = PBXFileReference; lastKnownFileType = sourcecode.c.h; path = CPTAxisLabel.h; sourceTree = "<group>"; };
		84D7B1051A13D2B10024DCE5 /* CPTAxisLabelGroup.h */ = {isa = PBXFileReference; lastKnownFileType = sourcecode.c.h; path = CPTAxisLabelGroup.h; sourceTree = "<group>"; };
		84D7B1061A13D2B10024DCE5 /* CPTAxisSet.h */ = {isa = PBXFileReference; lastKnownFileType = sourcecode.c.h; path = CPTAxisSet.h; sourceTree = "<group>"; };
		84D7B1071A13D2B10024DCE5 /* CPTAxisTitle.h */ = {isa = PBXFileReference; lastKnownFileType = sourcecode.c.h; path = CPTAxisTitle.h; sourceTree = "<group>"; };
		84D7B1081A13D2B10024DCE5 /* CPTBarPlot.h */ = {isa = PBXFileReference; lastKnownFileType = sourcecode.c.h; path = CPTBarPlot.h; sourceTree = "<group>"; };
		84D7B1091A13D2B10024DCE5 /* CPTBorderedLayer.h */ = {isa = PBXFileReference; lastKnownFileType = sourcecode.c.h; path = CPTBorderedLayer.h; sourceTree = "<group>"; };
		84D7B10A1A13D2B10024DCE5 /* CPTCalendarFormatter.h */ = {isa = PBXFileReference; lastKnownFileType = sourcecode.c.h; path = CPTCalendarFormatter.h; sourceTree = "<group>"; };
		84D7B10B1A13D2B10024DCE5 /* CPTColor.h */ = {isa = PBXFileReference; lastKnownFileType = sourcecode.c.h; path = CPTColor.h; sourceTree = "<group>"; };
		84D7B10C1A13D2B10024DCE5 /* CPTColorSpace.h */ = {isa = PBXFileReference; lastKnownFileType = sourcecode.c.h; path = CPTColorSpace.h; sourceTree = "<group>"; };
		84D7B10D1A13D2B10024DCE5 /* CPTConstraints.h */ = {isa = PBXFileReference; lastKnownFileType = sourcecode.c.h; path = CPTConstraints.h; sourceTree = "<group>"; };
		84D7B10E1A13D2B10024DCE5 /* CPTDataSourceTestCase.h */ = {isa = PBXFileReference; lastKnownFileType = sourcecode.c.h; path = CPTDataSourceTestCase.h; sourceTree = "<group>"; };
		84D7B10F1A13D2B10024DCE5 /* CPTDefinitions.h */ = {isa = PBXFileReference; lastKnownFileType = sourcecode.c.h; path = CPTDefinitions.h; sourceTree = "<group>"; };
		84D7B1101A13D2B10024DCE5 /* CPTDerivedXYGraph.h */ = {isa = PBXFileReference; lastKnownFileType = sourcecode.c.h; path = CPTDerivedXYGraph.h; sourceTree = "<group>"; };
		84D7B1111A13D2B10024DCE5 /* CPTExceptions.h */ = {isa = PBXFileReference; lastKnownFileType = sourcecode.c.h; path = CPTExceptions.h; sourceTree = "<group>"; };
		84D7B1121A13D2B10024DCE5 /* CPTFill.h */ = {isa = PBXFileReference; lastKnownFileType = sourcecode.c.h; path = CPTFill.h; sourceTree = "<group>"; };
		84D7B1131A13D2B10024DCE5 /* CPTFunctionDataSource.h */ = {isa = PBXFileReference; lastKnownFileType = sourcecode.c.h; path = CPTFunctionDataSource.h; sourceTree = "<group>"; };
		84D7B1141A13D2B10024DCE5 /* CPTGradient.h */ = {isa = PBXFileReference; lastKnownFileType = sourcecode.c.h; path = CPTGradient.h; sourceTree = "<group>"; };
		84D7B1151A13D2B10024DCE5 /* CPTGraph.h */ = {isa = PBXFileReference; lastKnownFileType = sourcecode.c.h; path = CPTGraph.h; sourceTree = "<group>"; };
		84D7B1161A13D2B10024DCE5 /* CPTGraphHostingView.h */ = {isa = PBXFileReference; lastKnownFileType = sourcecode.c.h; path = CPTGraphHostingView.h; sourceTree = "<group>"; };
		84D7B1171A13D2B10024DCE5 /* CPTGridLineGroup.h */ = {isa = PBXFileReference; lastKnownFileType = sourcecode.c.h; path = CPTGridLineGroup.h; sourceTree = "<group>"; };
		84D7B1181A13D2B10024DCE5 /* CPTGridLines.h */ = {isa = PBXFileReference; lastKnownFileType = sourcecode.c.h; path = CPTGridLines.h; sourceTree = "<group>"; };
		84D7B1191A13D2B10024DCE5 /* CPTImage.h */ = {isa = PBXFileReference; lastKnownFileType = sourcecode.c.h; path = CPTImage.h; sourceTree = "<group>"; };
		84D7B11A1A13D2B10024DCE5 /* CPTLayer.h */ = {isa = PBXFileReference; lastKnownFileType = sourcecode.c.h; path = CPTLayer.h; sourceTree = "<group>"; };
		84D7B11B1A13D2B10024DCE5 /* CPTLayerAnnotation.h */ = {isa = PBXFileReference; lastKnownFileType = sourcecode.c.h; path = CPTLayerAnnotation.h; sourceTree = "<group>"; };
		84D7B11C1A13D2B10024DCE5 /* CPTLegend.h */ = {isa = PBXFileReference; lastKnownFileType = sourcecode.c.h; path = CPTLegend.h; sourceTree = "<group>"; };
		84D7B11D1A13D2B10024DCE5 /* CPTLegendEntry.h */ = {isa = PBXFileReference; lastKnownFileType = sourcecode.c.h; path = CPTLegendEntry.h; sourceTree = "<group>"; };
		84D7B11E1A13D2B10024DCE5 /* CPTLimitBand.h */ = {isa = PBXFileReference; lastKnownFileType = sourcecode.c.h; path = CPTLimitBand.h; sourceTree = "<group>"; };
		84D7B11F1A13D2B10024DCE5 /* CPTLineCap.h */ = {isa = PBXFileReference; lastKnownFileType = sourcecode.c.h; path = CPTLineCap.h; sourceTree = "<group>"; };
		84D7B1201A13D2B10024DCE5 /* CPTLineStyle.h */ = {isa = PBXFileReference; lastKnownFileType = sourcecode.c.h; path = CPTLineStyle.h; sourceTree = "<group>"; };
		84D7B1211A13D2B10024DCE5 /* CPTMutableLineStyle.h */ = {isa = PBXFileReference; lastKnownFileType = sourcecode.c.h; path = CPTMutableLineStyle.h; sourceTree = "<group>"; };
		84D7B1221A13D2B10024DCE5 /* CPTMutableNumericData.h */ = {isa = PBXFileReference; lastKnownFileType = sourcecode.c.h; path = CPTMutableNumericData.h; sourceTree = "<group>"; };
		84D7B1231A13D2B10024DCE5 /* CPTMutableNumericData+TypeConversion.h */ = {isa = PBXFileReference; lastKnownFileType = sourcecode.c.h; path = "CPTMutableNumericData+TypeConversion.h"; sourceTree = "<group>"; };
		84D7B1241A13D2B10024DCE5 /* CPTMutablePlotRange.h */ = {isa = PBXFileReference; lastKnownFileType = sourcecode.c.h; path = CPTMutablePlotRange.h; sourceTree = "<group>"; };
		84D7B1251A13D2B10024DCE5 /* CPTMutableShadow.h */ = {isa = PBXFileReference; lastKnownFileType = sourcecode.c.h; path = CPTMutableShadow.h; sourceTree = "<group>"; };
		84D7B1261A13D2B10024DCE5 /* CPTMutableTextStyle.h */ = {isa = PBXFileReference; lastKnownFileType = sourcecode.c.h; path = CPTMutableTextStyle.h; sourceTree = "<group>"; };
		84D7B1271A13D2B10024DCE5 /* CPTNumericData.h */ = {isa = PBXFileReference; lastKnownFileType = sourcecode.c.h; path = CPTNumericData.h; sourceTree = "<group>"; };
		84D7B1281A13D2B10024DCE5 /* CPTNumericData+TypeConversion.h */ = {isa = PBXFileReference; lastKnownFileType = sourcecode.c.h; path = "CPTNumericData+TypeConversion.h"; sourceTree = "<group>"; };
		84D7B1291A13D2B10024DCE5 /* CPTNumericDataType.h */ = {isa = PBXFileReference; lastKnownFileType = sourcecode.c.h; path = CPTNumericDataType.h; sourceTree = "<group>"; };
		84D7B12A1A13D2B10024DCE5 /* CPTPathExtensions.h */ = {isa = PBXFileReference; lastKnownFileType = sourcecode.c.h; path = CPTPathExtensions.h; sourceTree = "<group>"; };
		84D7B12B1A13D2B10024DCE5 /* CPTPieChart.h */ = {isa = PBXFileReference; lastKnownFileType = sourcecode.c.h; path = CPTPieChart.h; sourceTree = "<group>"; };
		84D7B12C1A13D2B10024DCE5 /* CPTPlatformSpecificCategories.h */ = {isa = PBXFileReference; lastKnownFileType = sourcecode.c.h; path = CPTPlatformSpecificCategories.h; sourceTree = "<group>"; };
		84D7B12D1A13D2B10024DCE5 /* CPTPlatformSpecificDefines.h */ = {isa = PBXFileReference; lastKnownFileType = sourcecode.c.h; path = CPTPlatformSpecificDefines.h; sourceTree = "<group>"; };
		84D7B12E1A13D2B10024DCE5 /* CPTPlatformSpecificFunctions.h */ = {isa = PBXFileReference; lastKnownFileType = sourcecode.c.h; path = CPTPlatformSpecificFunctions.h; sourceTree = "<group>"; };
		84D7B12F1A13D2B10024DCE5 /* CPTPlot.h */ = {isa = PBXFileReference; lastKnownFileType = sourcecode.c.h; path = CPTPlot.h; sourceTree = "<group>"; };
		84D7B1301A13D2B10024DCE5 /* CPTPlotArea.h */ = {isa = PBXFileReference; lastKnownFileType = sourcecode.c.h; path = CPTPlotArea.h; sourceTree = "<group>"; };
		84D7B1311A13D2B10024DCE5 /* CPTPlotAreaFrame.h */ = {isa = PBXFileReference; lastKnownFileType = sourcecode.c.h; path = CPTPlotAreaFrame.h; sourceTree = "<group>"; };
		84D7B1321A13D2B10024DCE5 /* CPTPlotGroup.h */ = {isa = PBXFileReference; lastKnownFileType = sourcecode.c.h; path = CPTPlotGroup.h; sourceTree = "<group>"; };
		84D7B1331A13D2B10024DCE5 /* CPTPlotRange.h */ = {isa = PBXFileReference; lastKnownFileType = sourcecode.c.h; path = CPTPlotRange.h; sourceTree = "<group>"; };
		84D7B1341A13D2B10024DCE5 /* CPTPlotSpace.h */ = {isa = PBXFileReference; lastKnownFileType = sourcecode.c.h; path = CPTPlotSpace.h; sourceTree = "<group>"; };
		84D7B1351A13D2B10024DCE5 /* CPTPlotSpaceAnnotation.h */ = {isa = PBXFileReference; lastKnownFileType = sourcecode.c.h; path = CPTPlotSpaceAnnotation.h; sourceTree = "<group>"; };
		84D7B1361A13D2B10024DCE5 /* CPTPlotSymbol.h */ = {isa = PBXFileReference; lastKnownFileType = sourcecode.c.h; path = CPTPlotSymbol.h; sourceTree = "<group>"; };
		84D7B1371A13D2B10024DCE5 /* CPTRangePlot.h */ = {isa = PBXFileReference; lastKnownFileType = sourcecode.c.h; path = CPTRangePlot.h; sourceTree = "<group>"; };
		84D7B1381A13D2B10024DCE5 /* CPTResponder.h */ = {isa = PBXFileReference; lastKnownFileType = sourcecode.c.h; path = CPTResponder.h; sourceTree = "<group>"; };
		84D7B1391A13D2B10024DCE5 /* CPTScatterPlot.h */ = {isa = PBXFileReference; lastKnownFileType = sourcecode.c.h; path = CPTScatterPlot.h; sourceTree = "<group>"; };
		84D7B13A1A13D2B10024DCE5 /* CPTShadow.h */ = {isa = PBXFileReference; lastKnownFileType = sourcecode.c.h; path = CPTShadow.h; sourceTree = "<group>"; };
		84D7B13B1A13D2B10024DCE5 /* CPTTestCase.h */ = {isa = PBXFileReference; lastKnownFileType = sourcecode.c.h; path = CPTTestCase.h; sourceTree = "<group>"; };
		84D7B13C1A13D2B10024DCE5 /* CPTTextLayer.h */ = {isa = PBXFileReference; lastKnownFileType = sourcecode.c.h; path = CPTTextLayer.h; sourceTree = "<group>"; };
		84D7B13D1A13D2B10024DCE5 /* CPTTextStyle.h */ = {isa = PBXFileReference; lastKnownFileType = sourcecode.c.h; path = CPTTextStyle.h; sourceTree = "<group>"; };
		84D7B13E1A13D2B10024DCE5 /* CPTTextStylePlatformSpecific.h */ = {isa = PBXFileReference; lastKnownFileType = sourcecode.c.h; path = CPTTextStylePlatformSpecific.h; sourceTree = "<group>"; };
		84D7B13F1A13D2B10024DCE5 /* CPTTheme.h */ = {isa = PBXFileReference; lastKnownFileType = sourcecode.c.h; path = CPTTheme.h; sourceTree = "<group>"; };
		84D7B1401A13D2B10024DCE5 /* CPTTimeFormatter.h */ = {isa = PBXFileReference; lastKnownFileType = sourcecode.c.h; path = CPTTimeFormatter.h; sourceTree = "<group>"; };
		84D7B1411A13D2B10024DCE5 /* CPTTradingRangePlot.h */ = {isa = PBXFileReference; lastKnownFileType = sourcecode.c.h; path = CPTTradingRangePlot.h; sourceTree = "<group>"; };
		84D7B1421A13D2B10024DCE5 /* CPTUtilities.h */ = {isa = PBXFileReference; lastKnownFileType = sourcecode.c.h; path = CPTUtilities.h; sourceTree = "<group>"; };
		84D7B1431A13D2B10024DCE5 /* CPTXYAxis.h */ = {isa = PBXFileReference; lastKnownFileType = sourcecode.c.h; path = CPTXYAxis.h; sourceTree = "<group>"; };
		84D7B1441A13D2B10024DCE5 /* CPTXYAxisSet.h */ = {isa = PBXFileReference; lastKnownFileType = sourcecode.c.h; path = CPTXYAxisSet.h; sourceTree = "<group>"; };
		84D7B1451A13D2B10024DCE5 /* CPTXYGraph.h */ = {isa = PBXFileReference; lastKnownFileType = sourcecode.c.h; path = CPTXYGraph.h; sourceTree = "<group>"; };
		84D7B1461A13D2B10024DCE5 /* CPTXYPlotSpace.h */ = {isa = PBXFileReference; lastKnownFileType = sourcecode.c.h; path = CPTXYPlotSpace.h; sourceTree = "<group>"; };
		84D7B1471A13D2B10024DCE5 /* mainpage.h */ = {isa = PBXFileReference; lastKnownFileType = sourcecode.c.h; path = mainpage.h; sourceTree = "<group>"; };
		84D7B1481A13D2B10024DCE5 /* NSCoderExtensions.h */ = {isa = PBXFileReference; lastKnownFileType = sourcecode.c.h; path = NSCoderExtensions.h; sourceTree = "<group>"; };
		84D7B1491A13D2B10024DCE5 /* NSDecimalNumberExtensions.h */ = {isa = PBXFileReference; lastKnownFileType = sourcecode.c.h; path = NSDecimalNumberExtensions.h; sourceTree = "<group>"; };
		84D7B14A1A13D2B10024DCE5 /* NSNumberExtensions.h */ = {isa = PBXFileReference; lastKnownFileType = sourcecode.c.h; path = NSNumberExtensions.h; sourceTree = "<group>"; };
		84D7B14B1A13D4410024DCE5 /* QuartzCore.framework */ = {isa = PBXFileReference; lastKnownFileType = wrapper.framework; name = QuartzCore.framework; path = System/Library/Frameworks/QuartzCore.framework; sourceTree = SDKROOT; };
		84D7B14E1A13DF110024DCE5 /* ScatterPlotViewController.h */ = {isa = PBXFileReference; fileEncoding = 4; lastKnownFileType = sourcecode.c.h; path = ScatterPlotViewController.h; sourceTree = "<group>"; };
		84D7B14F1A13DF110024DCE5 /* ScatterPlotViewController.m */ = {isa = PBXFileReference; fileEncoding = 4; lastKnownFileType = sourcecode.c.objc; path = ScatterPlotViewController.m; sourceTree = "<group>"; };
		84D7B1501A13DF110024DCE5 /* ScatterPlotViewController.xib */ = {isa = PBXFileReference; fileEncoding = 4; lastKnownFileType = file.xib; path = ScatterPlotViewController.xib; sourceTree = "<group>"; };
		84D7B2BA1A13E2670024DCE5 /* CoreImage.framework */ = {isa = PBXFileReference; lastKnownFileType = wrapper.framework; name = CoreImage.framework; path = System/Library/Frameworks/CoreImage.framework; sourceTree = SDKROOT; };
		84D91E0E19F5A7FC007A2172 /* Inputs.h */ = {isa = PBXFileReference; fileEncoding = 4; lastKnownFileType = sourcecode.c.h; path = Inputs.h; sourceTree = "<group>"; };
		84D91E0F19F5A7FD007A2172 /* Inputs.m */ = {isa = PBXFileReference; fileEncoding = 4; lastKnownFileType = sourcecode.c.objc; path = Inputs.m; sourceTree = "<group>"; };
		84DF60171A69E92E00CF84F1 /* OverviewPlotsViewController.h */ = {isa = PBXFileReference; fileEncoding = 4; lastKnownFileType = sourcecode.c.h; path = OverviewPlotsViewController.h; sourceTree = "<group>"; };
		84DF60181A69E92E00CF84F1 /* OverviewPlotsViewController.m */ = {isa = PBXFileReference; fileEncoding = 4; lastKnownFileType = sourcecode.c.objc; path = OverviewPlotsViewController.m; sourceTree = "<group>"; };
		84DF60191A69E92E00CF84F1 /* OverviewPlotsViewController.xib */ = {isa = PBXFileReference; fileEncoding = 4; lastKnownFileType = file.xib; path = OverviewPlotsViewController.xib; sourceTree = "<group>"; };
		84ECB41D19E9C39E00D5F795 /* THYROSIM.app */ = {isa = PBXFileReference; explicitFileType = wrapper.application; includeInIndex = 0; path = THYROSIM.app; sourceTree = BUILT_PRODUCTS_DIR; };
		84ECB42119E9C39E00D5F795 /* Info.plist */ = {isa = PBXFileReference; lastKnownFileType = text.plist.xml; path = Info.plist; sourceTree = "<group>"; };
		84ECB42219E9C39E00D5F795 /* main.m */ = {isa = PBXFileReference; lastKnownFileType = sourcecode.c.objc; path = main.m; sourceTree = "<group>"; };
		84ECB42419E9C39E00D5F795 /* AppDelegate.h */ = {isa = PBXFileReference; lastKnownFileType = sourcecode.c.h; path = AppDelegate.h; sourceTree = "<group>"; };
		84ECB42519E9C39E00D5F795 /* AppDelegate.m */ = {isa = PBXFileReference; lastKnownFileType = sourcecode.c.objc; path = AppDelegate.m; sourceTree = "<group>"; };
		84ECB42D19E9C39E00D5F795 /* Images.xcassets */ = {isa = PBXFileReference; lastKnownFileType = folder.assetcatalog; path = Images.xcassets; sourceTree = "<group>"; };
		84ECB43619E9C39E00D5F795 /* THYROSIMTests.xctest */ = {isa = PBXFileReference; explicitFileType = wrapper.cfbundle; includeInIndex = 0; path = THYROSIMTests.xctest; sourceTree = BUILT_PRODUCTS_DIR; };
		84ECB43B19E9C39E00D5F795 /* Info.plist */ = {isa = PBXFileReference; lastKnownFileType = text.plist.xml; path = Info.plist; sourceTree = "<group>"; };
		84ECB43C19E9C39E00D5F795 /* THYROSIMTests.m */ = {isa = PBXFileReference; lastKnownFileType = sourcecode.c.objc; path = THYROSIMTests.m; sourceTree = "<group>"; };
		84ECB44619E9C77C00D5F795 /* QuickStartViewController.h */ = {isa = PBXFileReference; fileEncoding = 4; lastKnownFileType = sourcecode.c.h; path = QuickStartViewController.h; sourceTree = "<group>"; };
		84ECB44719E9C77C00D5F795 /* QuickStartViewController.m */ = {isa = PBXFileReference; fileEncoding = 4; lastKnownFileType = sourcecode.c.objc; path = QuickStartViewController.m; sourceTree = "<group>"; };
		84ECB44819E9C77C00D5F795 /* QuickStartViewController.xib */ = {isa = PBXFileReference; fileEncoding = 4; lastKnownFileType = file.xib; path = QuickStartViewController.xib; sourceTree = "<group>"; };
		84ECB45019E9C92300D5F795 /* PageOneViewController.h */ = {isa = PBXFileReference; fileEncoding = 4; lastKnownFileType = sourcecode.c.h; path = PageOneViewController.h; sourceTree = "<group>"; };
		84ECB45119E9C92300D5F795 /* PageOneViewController.m */ = {isa = PBXFileReference; fileEncoding = 4; lastKnownFileType = sourcecode.c.objc; path = PageOneViewController.m; sourceTree = "<group>"; };
		84ECB45219E9C92300D5F795 /* PageOneViewController.xib */ = {isa = PBXFileReference; fileEncoding = 4; lastKnownFileType = file.xib; path = PageOneViewController.xib; sourceTree = "<group>"; };
		84ECB45519E9C93400D5F795 /* PageTwoViewController.h */ = {isa = PBXFileReference; fileEncoding = 4; lastKnownFileType = sourcecode.c.h; path = PageTwoViewController.h; sourceTree = "<group>"; };
		84ECB45619E9C93400D5F795 /* PageTwoViewController.m */ = {isa = PBXFileReference; fileEncoding = 4; lastKnownFileType = sourcecode.c.objc; path = PageTwoViewController.m; sourceTree = "<group>"; };
		84ECB45719E9C93400D5F795 /* PageTwoViewController.xib */ = {isa = PBXFileReference; fileEncoding = 4; lastKnownFileType = file.xib; path = PageTwoViewController.xib; sourceTree = "<group>"; };
		84ECB45F19E9C96800D5F795 /* RunSimulationViewController.h */ = {isa = PBXFileReference; fileEncoding = 4; lastKnownFileType = sourcecode.c.h; path = RunSimulationViewController.h; sourceTree = "<group>"; };
		84ECB46019E9C96800D5F795 /* RunSimulationViewController.m */ = {isa = PBXFileReference; fileEncoding = 4; lastKnownFileType = sourcecode.c.objc; path = RunSimulationViewController.m; sourceTree = "<group>"; };
		84ECB46119E9C96800D5F795 /* RunSimulationViewController.xib */ = {isa = PBXFileReference; fileEncoding = 4; lastKnownFileType = file.xib; path = RunSimulationViewController.xib; sourceTree = "<group>"; };
		84ECB46519E9C98A00D5F795 /* PageOneInputs.h */ = {isa = PBXFileReference; fileEncoding = 4; lastKnownFileType = sourcecode.c.h; path = PageOneInputs.h; sourceTree = "<group>"; };
		84ECB46619E9C98A00D5F795 /* PageOneInputs.m */ = {isa = PBXFileReference; fileEncoding = 4; lastKnownFileType = sourcecode.c.objc; path = PageOneInputs.m; sourceTree = "<group>"; };
		84ECB46819E9C99700D5F795 /* PageTwoInputs.h */ = {isa = PBXFileReference; fileEncoding = 4; lastKnownFileType = sourcecode.c.h; path = PageTwoInputs.h; sourceTree = "<group>"; };
		84ECB46919E9C99700D5F795 /* PageTwoInputs.m */ = {isa = PBXFileReference; fileEncoding = 4; lastKnownFileType = sourcecode.c.objc; path = PageTwoInputs.m; sourceTree = "<group>"; };
		84ECB46B19E9C9A300D5F795 /* GraphDrawer.h */ = {isa = PBXFileReference; fileEncoding = 4; lastKnownFileType = sourcecode.c.h; path = GraphDrawer.h; sourceTree = "<group>"; };
		84ECB46C19E9C9A300D5F795 /* GraphDrawer.m */ = {isa = PBXFileReference; fileEncoding = 4; lastKnownFileType = sourcecode.c.objc; path = GraphDrawer.m; sourceTree = "<group>"; };
		84ECB46E19E9CE9100D5F795 /* Default-568h@2x.png */ = {isa = PBXFileReference; lastKnownFileType = image.png; path = "Default-568h@2x.png"; sourceTree = "<group>"; };
		84ECB47119E9E71900D5F795 /* SwitchTableViewCell.h */ = {isa = PBXFileReference; fileEncoding = 4; lastKnownFileType = sourcecode.c.h; path = SwitchTableViewCell.h; sourceTree = "<group>"; };
		84ECB47219E9E71900D5F795 /* SwitchTableViewCell.m */ = {isa = PBXFileReference; fileEncoding = 4; lastKnownFileType = sourcecode.c.objc; path = SwitchTableViewCell.m; sourceTree = "<group>"; };
		84ECB47319E9E71900D5F795 /* SwitchTableViewCell.xib */ = {isa = PBXFileReference; fileEncoding = 4; lastKnownFileType = file.xib; path = SwitchTableViewCell.xib; sourceTree = "<group>"; };
		84ECB47619E9E72D00D5F795 /* TextInputTableViewCell.h */ = {isa = PBXFileReference; fileEncoding = 4; lastKnownFileType = sourcecode.c.h; path = TextInputTableViewCell.h; sourceTree = "<group>"; };
		84ECB47719E9E72D00D5F795 /* TextInputTableViewCell.m */ = {isa = PBXFileReference; fileEncoding = 4; lastKnownFileType = sourcecode.c.objc; path = TextInputTableViewCell.m; sourceTree = "<group>"; };
		84ECB47819E9E72D00D5F795 /* TextInputTableViewCell.xib */ = {isa = PBXFileReference; fileEncoding = 4; lastKnownFileType = file.xib; path = TextInputTableViewCell.xib; sourceTree = "<group>"; };
		84ECB47B19E9E90900D5F795 /* DataWrapper.h */ = {isa = PBXFileReference; fileEncoding = 4; lastKnownFileType = sourcecode.c.h; path = DataWrapper.h; sourceTree = "<group>"; };
		84ECB47C19E9E90900D5F795 /* DataWrapper.m */ = {isa = PBXFileReference; fileEncoding = 4; lastKnownFileType = sourcecode.c.objc; path = DataWrapper.m; sourceTree = "<group>"; };
		84ECB47F19E9FB1400D5F795 /* PageTwoTableViewCell.h */ = {isa = PBXFileReference; fileEncoding = 4; lastKnownFileType = sourcecode.c.h; path = PageTwoTableViewCell.h; sourceTree = "<group>"; };
		84ECB48019E9FB1400D5F795 /* PageTwoTableViewCell.m */ = {isa = PBXFileReference; fileEncoding = 4; lastKnownFileType = sourcecode.c.objc; path = PageTwoTableViewCell.m; sourceTree = "<group>"; };
		84ECB48119E9FB1400D5F795 /* PageTwoTableViewCell.xib */ = {isa = PBXFileReference; fileEncoding = 4; lastKnownFileType = file.xib; path = PageTwoTableViewCell.xib; sourceTree = "<group>"; };
		84ECB48419E9FD3800D5F795 /* InfusionTableViewCell.h */ = {isa = PBXFileReference; fileEncoding = 4; lastKnownFileType = sourcecode.c.h; path = InfusionTableViewCell.h; sourceTree = "<group>"; };
		84ECB48519E9FD3800D5F795 /* InfusionTableViewCell.m */ = {isa = PBXFileReference; fileEncoding = 4; lastKnownFileType = sourcecode.c.objc; path = InfusionTableViewCell.m; sourceTree = "<group>"; };
		84ECB48619E9FD3800D5F795 /* InfusionTableViewCell.xib */ = {isa = PBXFileReference; fileEncoding = 4; lastKnownFileType = file.xib; path = InfusionTableViewCell.xib; sourceTree = "<group>"; };
		BC03F6D61A4623B20088F303 /* MathSolver.cpp */ = {isa = PBXFileReference; explicitFileType = sourcecode.cpp.cpp; fileEncoding = 4; path = MathSolver.cpp; sourceTree = "<group>"; };
		BC03F6D71A4623B20088F303 /* MathSolver.hpp */ = {isa = PBXFileReference; explicitFileType = sourcecode.cpp.h; fileEncoding = 4; path = MathSolver.hpp; sourceTree = "<group>"; };
		BCF1E9371A61DE7600CEDD9B /* rk45.cpp */ = {isa = PBXFileReference; fileEncoding = 4; lastKnownFileType = sourcecode.cpp.cpp; path = rk45.cpp; sourceTree = "<group>"; };
		BCF1E9381A61DE7600CEDD9B /* rk45.hpp */ = {isa = PBXFileReference; fileEncoding = 4; lastKnownFileType = sourcecode.cpp.h; path = rk45.hpp; sourceTree = "<group>"; };
/* End PBXFileReference section */

/* Begin PBXFrameworksBuildPhase section */
		84ECB41A19E9C39E00D5F795 /* Frameworks */ = {
			isa = PBXFrameworksBuildPhase;
			buildActionMask = 2147483647;
			files = (
				845965861A69097C00D21723 /* Accelerate.framework in Frameworks */,
				84D7B2BB1A13E2670024DCE5 /* CoreImage.framework in Frameworks */,
				84D7B14C1A13D4410024DCE5 /* QuartzCore.framework in Frameworks */,
				84D7B0FC1A13D28F0024DCE5 /* libCorePlot-CocoaTouch.a in Frameworks */,
			);
			runOnlyForDeploymentPostprocessing = 0;
		};
		84ECB43319E9C39E00D5F795 /* Frameworks */ = {
			isa = PBXFrameworksBuildPhase;
			buildActionMask = 2147483647;
			files = (
			);
			runOnlyForDeploymentPostprocessing = 0;
		};
/* End PBXFrameworksBuildPhase section */

/* Begin PBXGroup section */
		843863D119F71DAC0095E6BB /* Math */ = {
			isa = PBXGroup;
			children = (
				843863D219F71DC00095E6BB /* MathComputations.h */,
				843863D319F71DC00095E6BB /* MathComputations.mm */,
				843863D519F7216A0095E6BB /* StoreData.h */,
				843863D619F7216A0095E6BB /* StoreData.m */,
				BC03F6D71A4623B20088F303 /* MathSolver.hpp */,
				BC03F6D61A4623B20088F303 /* MathSolver.cpp */,
				BCF1E9371A61DE7600CEDD9B /* rk45.cpp */,
				BCF1E9381A61DE7600CEDD9B /* rk45.hpp */,
				843CAAAF1A6706D80046E549 /* ErrorCheck.h */,
				843CAAB01A6706D80046E549 /* ErrorCheck.m */,
				843CAAB21A6708F00046E549 /* ErrorEnums.h */,
			);
			name = Math;
			sourceTree = "<group>";
		};
		8459657C1A6907DA00D21723 /* Products */ = {
			isa = PBXGroup;
			children = (
				845965821A6907DB00D21723 /* libCorePlot-CocoaTouch.a */,
			);
			name = Products;
			sourceTree = "<group>";
		};
		849224AD1A34D6E7006BEBF6 /* TabBarGraphs */ = {
			isa = PBXGroup;
			children = (
				84D7B14D1A13DEF40024DCE5 /* ScatterViewPlot */,
				849224AE1A34D70D006BEBF6 /* TabGraphViewController.h */,
				849224AF1A34D70D006BEBF6 /* TabGraphViewController.m */,
				849224B01A34D70D006BEBF6 /* TabGraphViewController.xib */,
				84DF60171A69E92E00CF84F1 /* OverviewPlotsViewController.h */,
				84DF60181A69E92E00CF84F1 /* OverviewPlotsViewController.m */,
				84DF60191A69E92E00CF84F1 /* OverviewPlotsViewController.xib */,
			);
			name = TabBarGraphs;
			sourceTree = "<group>";
		};
		84D7B0F71A13D11A0024DCE5 /* CorePlot */ = {
			isa = PBXGroup;
			children = (
				84D7B0FD1A13D2B10024DCE5 /* CorePlot-CocoaTouch.h */,
				84D7B0FE1A13D2B10024DCE5 /* CPTAnimation.h */,
				84D7B0FF1A13D2B10024DCE5 /* CPTAnimationOperation.h */,
				84D7B1001A13D2B10024DCE5 /* CPTAnimationPeriod.h */,
				84D7B1011A13D2B10024DCE5 /* CPTAnnotation.h */,
				84D7B1021A13D2B10024DCE5 /* CPTAnnotationHostLayer.h */,
				84D7B1031A13D2B10024DCE5 /* CPTAxis.h */,
				84D7B1041A13D2B10024DCE5 /* CPTAxisLabel.h */,
				84D7B1051A13D2B10024DCE5 /* CPTAxisLabelGroup.h */,
				84D7B1061A13D2B10024DCE5 /* CPTAxisSet.h */,
				84D7B1071A13D2B10024DCE5 /* CPTAxisTitle.h */,
				84D7B1081A13D2B10024DCE5 /* CPTBarPlot.h */,
				84D7B1091A13D2B10024DCE5 /* CPTBorderedLayer.h */,
				84D7B10A1A13D2B10024DCE5 /* CPTCalendarFormatter.h */,
				84D7B10B1A13D2B10024DCE5 /* CPTColor.h */,
				84D7B10C1A13D2B10024DCE5 /* CPTColorSpace.h */,
				84D7B10D1A13D2B10024DCE5 /* CPTConstraints.h */,
				84D7B10E1A13D2B10024DCE5 /* CPTDataSourceTestCase.h */,
				84D7B10F1A13D2B10024DCE5 /* CPTDefinitions.h */,
				84D7B1101A13D2B10024DCE5 /* CPTDerivedXYGraph.h */,
				84D7B1111A13D2B10024DCE5 /* CPTExceptions.h */,
				84D7B1121A13D2B10024DCE5 /* CPTFill.h */,
				84D7B1131A13D2B10024DCE5 /* CPTFunctionDataSource.h */,
				84D7B1141A13D2B10024DCE5 /* CPTGradient.h */,
				84D7B1151A13D2B10024DCE5 /* CPTGraph.h */,
				84D7B1161A13D2B10024DCE5 /* CPTGraphHostingView.h */,
				84D7B1171A13D2B10024DCE5 /* CPTGridLineGroup.h */,
				84D7B1181A13D2B10024DCE5 /* CPTGridLines.h */,
				84D7B1191A13D2B10024DCE5 /* CPTImage.h */,
				84D7B11A1A13D2B10024DCE5 /* CPTLayer.h */,
				84D7B11B1A13D2B10024DCE5 /* CPTLayerAnnotation.h */,
				84D7B11C1A13D2B10024DCE5 /* CPTLegend.h */,
				84D7B11D1A13D2B10024DCE5 /* CPTLegendEntry.h */,
				84D7B11E1A13D2B10024DCE5 /* CPTLimitBand.h */,
				84D7B11F1A13D2B10024DCE5 /* CPTLineCap.h */,
				84D7B1201A13D2B10024DCE5 /* CPTLineStyle.h */,
				84D7B1211A13D2B10024DCE5 /* CPTMutableLineStyle.h */,
				84D7B1221A13D2B10024DCE5 /* CPTMutableNumericData.h */,
				84D7B1231A13D2B10024DCE5 /* CPTMutableNumericData+TypeConversion.h */,
				84D7B1241A13D2B10024DCE5 /* CPTMutablePlotRange.h */,
				84D7B1251A13D2B10024DCE5 /* CPTMutableShadow.h */,
				84D7B1261A13D2B10024DCE5 /* CPTMutableTextStyle.h */,
				84D7B1271A13D2B10024DCE5 /* CPTNumericData.h */,
				84D7B1281A13D2B10024DCE5 /* CPTNumericData+TypeConversion.h */,
				84D7B1291A13D2B10024DCE5 /* CPTNumericDataType.h */,
				84D7B12A1A13D2B10024DCE5 /* CPTPathExtensions.h */,
				84D7B12B1A13D2B10024DCE5 /* CPTPieChart.h */,
				84D7B12C1A13D2B10024DCE5 /* CPTPlatformSpecificCategories.h */,
				84D7B12D1A13D2B10024DCE5 /* CPTPlatformSpecificDefines.h */,
				84D7B12E1A13D2B10024DCE5 /* CPTPlatformSpecificFunctions.h */,
				84D7B12F1A13D2B10024DCE5 /* CPTPlot.h */,
				84D7B1301A13D2B10024DCE5 /* CPTPlotArea.h */,
				84D7B1311A13D2B10024DCE5 /* CPTPlotAreaFrame.h */,
				84D7B1321A13D2B10024DCE5 /* CPTPlotGroup.h */,
				84D7B1331A13D2B10024DCE5 /* CPTPlotRange.h */,
				84D7B1341A13D2B10024DCE5 /* CPTPlotSpace.h */,
				84D7B1351A13D2B10024DCE5 /* CPTPlotSpaceAnnotation.h */,
				84D7B1361A13D2B10024DCE5 /* CPTPlotSymbol.h */,
				84D7B1371A13D2B10024DCE5 /* CPTRangePlot.h */,
				84D7B1381A13D2B10024DCE5 /* CPTResponder.h */,
				84D7B1391A13D2B10024DCE5 /* CPTScatterPlot.h */,
				84D7B13A1A13D2B10024DCE5 /* CPTShadow.h */,
				84D7B13B1A13D2B10024DCE5 /* CPTTestCase.h */,
				84D7B13C1A13D2B10024DCE5 /* CPTTextLayer.h */,
				84D7B13D1A13D2B10024DCE5 /* CPTTextStyle.h */,
				84D7B13E1A13D2B10024DCE5 /* CPTTextStylePlatformSpecific.h */,
				84D7B13F1A13D2B10024DCE5 /* CPTTheme.h */,
				84D7B1401A13D2B10024DCE5 /* CPTTimeFormatter.h */,
				84D7B1411A13D2B10024DCE5 /* CPTTradingRangePlot.h */,
				84D7B1421A13D2B10024DCE5 /* CPTUtilities.h */,
				84D7B1431A13D2B10024DCE5 /* CPTXYAxis.h */,
				84D7B1441A13D2B10024DCE5 /* CPTXYAxisSet.h */,
				84D7B1451A13D2B10024DCE5 /* CPTXYGraph.h */,
				84D7B1461A13D2B10024DCE5 /* CPTXYPlotSpace.h */,
				84D7B1471A13D2B10024DCE5 /* mainpage.h */,
				84D7B1481A13D2B10024DCE5 /* NSCoderExtensions.h */,
				84D7B1491A13D2B10024DCE5 /* NSDecimalNumberExtensions.h */,
				84D7B14A1A13D2B10024DCE5 /* NSNumberExtensions.h */,
				84D7B0FB1A13D28F0024DCE5 /* libCorePlot-CocoaTouch.a */,
			);
			name = CorePlot;
			sourceTree = "<group>";
		};
		84D7B14D1A13DEF40024DCE5 /* ScatterViewPlot */ = {
			isa = PBXGroup;
			children = (
				84D7B14E1A13DF110024DCE5 /* ScatterPlotViewController.h */,
				84D7B14F1A13DF110024DCE5 /* ScatterPlotViewController.m */,
				84D7B1501A13DF110024DCE5 /* ScatterPlotViewController.xib */,
				849224B31A34D804006BEBF6 /* ScatterPlot2ViewController.h */,
				849224B41A34D804006BEBF6 /* ScatterPlot2ViewController.m */,
				849224B51A34D804006BEBF6 /* ScatterPlot2ViewController.xib */,
				849224B81A34D818006BEBF6 /* ScatterPlot3ViewController.h */,
				849224B91A34D818006BEBF6 /* ScatterPlot3ViewController.m */,
				849224BA1A34D818006BEBF6 /* ScatterPlot3ViewController.xib */,
			);
			name = ScatterViewPlot;
			sourceTree = "<group>";
		};
		84ECB41419E9C39E00D5F795 = {
			isa = PBXGroup;
			children = (
				845965851A69097C00D21723 /* Accelerate.framework */,
				8459657B1A6907DA00D21723 /* CorePlot-CocoaTouch.xcodeproj */,
				84D7B2BA1A13E2670024DCE5 /* CoreImage.framework */,
				84D7B14B1A13D4410024DCE5 /* QuartzCore.framework */,
				84ECB46E19E9CE9100D5F795 /* Default-568h@2x.png */,
				84ECB41F19E9C39E00D5F795 /* THYROSIM */,
				84ECB43919E9C39E00D5F795 /* THYROSIMTests */,
				84ECB41E19E9C39E00D5F795 /* Products */,
			);
			sourceTree = "<group>";
		};
		84ECB41E19E9C39E00D5F795 /* Products */ = {
			isa = PBXGroup;
			children = (
				84ECB41D19E9C39E00D5F795 /* THYROSIM.app */,
				84ECB43619E9C39E00D5F795 /* THYROSIMTests.xctest */,
			);
			name = Products;
			sourceTree = "<group>";
		};
		84ECB41F19E9C39E00D5F795 /* THYROSIM */ = {
			isa = PBXGroup;
			children = (
				849224AD1A34D6E7006BEBF6 /* TabBarGraphs */,
				84D7B0F71A13D11A0024DCE5 /* CorePlot */,
				843863D119F71DAC0095E6BB /* Math */,
				84ECB47E19E9F7A900D5F795 /* PageTwo Cells */,
				84ECB47019E9E39D00D5F795 /* PageOne Cells */,
				84ECB46419E9C96E00D5F795 /* Data Model */,
				84ECB42419E9C39E00D5F795 /* AppDelegate.h */,
				84ECB42519E9C39E00D5F795 /* AppDelegate.m */,
				84ECB42D19E9C39E00D5F795 /* Images.xcassets */,
				84ECB42019E9C39E00D5F795 /* Supporting Files */,
				84ECB44619E9C77C00D5F795 /* QuickStartViewController.h */,
				84ECB44719E9C77C00D5F795 /* QuickStartViewController.m */,
				84ECB44819E9C77C00D5F795 /* QuickStartViewController.xib */,
				84ECB45019E9C92300D5F795 /* PageOneViewController.h */,
				84ECB45119E9C92300D5F795 /* PageOneViewController.m */,
				84ECB45219E9C92300D5F795 /* PageOneViewController.xib */,
				84ECB45519E9C93400D5F795 /* PageTwoViewController.h */,
				84ECB45619E9C93400D5F795 /* PageTwoViewController.m */,
				84ECB45719E9C93400D5F795 /* PageTwoViewController.xib */,
				84ECB45F19E9C96800D5F795 /* RunSimulationViewController.h */,
				84ECB46019E9C96800D5F795 /* RunSimulationViewController.m */,
				84ECB46119E9C96800D5F795 /* RunSimulationViewController.xib */,
			);
			path = THYROSIM;
			sourceTree = "<group>";
		};
		84ECB42019E9C39E00D5F795 /* Supporting Files */ = {
			isa = PBXGroup;
			children = (
				84ECB42119E9C39E00D5F795 /* Info.plist */,
				84ECB42219E9C39E00D5F795 /* main.m */,
			);
			name = "Supporting Files";
			sourceTree = "<group>";
		};
		84ECB43919E9C39E00D5F795 /* THYROSIMTests */ = {
			isa = PBXGroup;
			children = (
				84ECB43C19E9C39E00D5F795 /* THYROSIMTests.m */,
				84ECB43A19E9C39E00D5F795 /* Supporting Files */,
			);
			path = THYROSIMTests;
			sourceTree = "<group>";
		};
		84ECB43A19E9C39E00D5F795 /* Supporting Files */ = {
			isa = PBXGroup;
			children = (
				84ECB43B19E9C39E00D5F795 /* Info.plist */,
			);
			name = "Supporting Files";
			sourceTree = "<group>";
		};
		84ECB46419E9C96E00D5F795 /* Data Model */ = {
			isa = PBXGroup;
			children = (
				84ECB46519E9C98A00D5F795 /* PageOneInputs.h */,
				84ECB46619E9C98A00D5F795 /* PageOneInputs.m */,
				84ECB46819E9C99700D5F795 /* PageTwoInputs.h */,
				84ECB46919E9C99700D5F795 /* PageTwoInputs.m */,
				84ECB46B19E9C9A300D5F795 /* GraphDrawer.h */,
				84ECB46C19E9C9A300D5F795 /* GraphDrawer.m */,
				84ECB47B19E9E90900D5F795 /* DataWrapper.h */,
				84ECB47C19E9E90900D5F795 /* DataWrapper.m */,
				84D91E0E19F5A7FC007A2172 /* Inputs.h */,
				84D91E0F19F5A7FD007A2172 /* Inputs.m */,
			);
			name = "Data Model";
			sourceTree = "<group>";
		};
		84ECB47019E9E39D00D5F795 /* PageOne Cells */ = {
			isa = PBXGroup;
			children = (
				84ECB47119E9E71900D5F795 /* SwitchTableViewCell.h */,
				84ECB47219E9E71900D5F795 /* SwitchTableViewCell.m */,
				84ECB47319E9E71900D5F795 /* SwitchTableViewCell.xib */,
				84ECB47619E9E72D00D5F795 /* TextInputTableViewCell.h */,
				84ECB47719E9E72D00D5F795 /* TextInputTableViewCell.m */,
				84ECB47819E9E72D00D5F795 /* TextInputTableViewCell.xib */,
			);
			name = "PageOne Cells";
			sourceTree = "<group>";
		};
		84ECB47E19E9F7A900D5F795 /* PageTwo Cells */ = {
			isa = PBXGroup;
			children = (
				84ECB47F19E9FB1400D5F795 /* PageTwoTableViewCell.h */,
				84ECB48019E9FB1400D5F795 /* PageTwoTableViewCell.m */,
				84ECB48119E9FB1400D5F795 /* PageTwoTableViewCell.xib */,
				84ECB48419E9FD3800D5F795 /* InfusionTableViewCell.h */,
				84ECB48519E9FD3800D5F795 /* InfusionTableViewCell.m */,
				84ECB48619E9FD3800D5F795 /* InfusionTableViewCell.xib */,
			);
			name = "PageTwo Cells";
			sourceTree = "<group>";
		};
/* End PBXGroup section */

/* Begin PBXNativeTarget section */
		84ECB41C19E9C39E00D5F795 /* THYROSIM */ = {
			isa = PBXNativeTarget;
			buildConfigurationList = 84ECB44019E9C39E00D5F795 /* Build configuration list for PBXNativeTarget "THYROSIM" */;
			buildPhases = (
				84ECB41919E9C39E00D5F795 /* Sources */,
				84ECB41A19E9C39E00D5F795 /* Frameworks */,
				84ECB41B19E9C39E00D5F795 /* Resources */,
			);
			buildRules = (
			);
			dependencies = (
				845965841A6907EC00D21723 /* PBXTargetDependency */,
			);
			name = THYROSIM;
			productName = THYROSIM;
			productReference = 84ECB41D19E9C39E00D5F795 /* THYROSIM.app */;
			productType = "com.apple.product-type.application";
		};
		84ECB43519E9C39E00D5F795 /* THYROSIMTests */ = {
			isa = PBXNativeTarget;
			buildConfigurationList = 84ECB44319E9C39E00D5F795 /* Build configuration list for PBXNativeTarget "THYROSIMTests" */;
			buildPhases = (
				84ECB43219E9C39E00D5F795 /* Sources */,
				84ECB43319E9C39E00D5F795 /* Frameworks */,
				84ECB43419E9C39E00D5F795 /* Resources */,
			);
			buildRules = (
			);
			dependencies = (
				84ECB43819E9C39E00D5F795 /* PBXTargetDependency */,
			);
			name = THYROSIMTests;
			productName = THYROSIMTests;
			productReference = 84ECB43619E9C39E00D5F795 /* THYROSIMTests.xctest */;
			productType = "com.apple.product-type.bundle.unit-test";
		};
/* End PBXNativeTarget section */

/* Begin PBXProject section */
		84ECB41519E9C39E00D5F795 /* Project object */ = {
			isa = PBXProject;
			attributes = {
				LastUpgradeCheck = 0600;
				ORGANIZATIONNAME = "William Gu";
				TargetAttributes = {
					84ECB41C19E9C39E00D5F795 = {
						CreatedOnToolsVersion = 6.0.1;
						DevelopmentTeam = X8C323275L;
					};
					84ECB43519E9C39E00D5F795 = {
						CreatedOnToolsVersion = 6.0.1;
						TestTargetID = 84ECB41C19E9C39E00D5F795;
					};
				};
			};
			buildConfigurationList = 84ECB41819E9C39E00D5F795 /* Build configuration list for PBXProject "THYROSIM" */;
			compatibilityVersion = "Xcode 3.2";
			developmentRegion = English;
			hasScannedForEncodings = 0;
			knownRegions = (
				en,
				Base,
			);
			mainGroup = 84ECB41419E9C39E00D5F795;
			productRefGroup = 84ECB41E19E9C39E00D5F795 /* Products */;
			projectDirPath = "";
			projectReferences = (
				{
					ProductGroup = 8459657C1A6907DA00D21723 /* Products */;
					ProjectRef = 8459657B1A6907DA00D21723 /* CorePlot-CocoaTouch.xcodeproj */;
				},
			);
			projectRoot = "";
			targets = (
				84ECB41C19E9C39E00D5F795 /* THYROSIM */,
				84ECB43519E9C39E00D5F795 /* THYROSIMTests */,
			);
		};
/* End PBXProject section */

/* Begin PBXReferenceProxy section */
		845965821A6907DB00D21723 /* libCorePlot-CocoaTouch.a */ = {
			isa = PBXReferenceProxy;
			fileType = archive.ar;
			path = "libCorePlot-CocoaTouch.a";
			remoteRef = 845965811A6907DB00D21723 /* PBXContainerItemProxy */;
			sourceTree = BUILT_PRODUCTS_DIR;
		};
/* End PBXReferenceProxy section */

/* Begin PBXResourcesBuildPhase section */
		84ECB41B19E9C39E00D5F795 /* Resources */ = {
			isa = PBXResourcesBuildPhase;
			buildActionMask = 2147483647;
			files = (
				84ECB48819E9FD3800D5F795 /* InfusionTableViewCell.xib in Resources */,
				84ECB45919E9C93400D5F795 /* PageTwoViewController.xib in Resources */,
				84ECB47A19E9E72D00D5F795 /* TextInputTableViewCell.xib in Resources */,
				84ECB44A19E9C77C00D5F795 /* QuickStartViewController.xib in Resources */,
				849224B21A34D70D006BEBF6 /* TabGraphViewController.xib in Resources */,
				849224BC1A34D818006BEBF6 /* ScatterPlot3ViewController.xib in Resources */,
				84D7B1521A13DF110024DCE5 /* ScatterPlotViewController.xib in Resources */,
				84ECB46319E9C96800D5F795 /* RunSimulationViewController.xib in Resources */,
				84ECB46F19E9CE9100D5F795 /* Default-568h@2x.png in Resources */,
				849224B71A34D804006BEBF6 /* ScatterPlot2ViewController.xib in Resources */,
				84ECB48319E9FB1400D5F795 /* PageTwoTableViewCell.xib in Resources */,
				84ECB47519E9E71900D5F795 /* SwitchTableViewCell.xib in Resources */,
				84DF601B1A69E92E00CF84F1 /* OverviewPlotsViewController.xib in Resources */,
				84ECB42E19E9C39E00D5F795 /* Images.xcassets in Resources */,
				84ECB45419E9C92300D5F795 /* PageOneViewController.xib in Resources */,
			);
			runOnlyForDeploymentPostprocessing = 0;
		};
		84ECB43419E9C39E00D5F795 /* Resources */ = {
			isa = PBXResourcesBuildPhase;
			buildActionMask = 2147483647;
			files = (
			);
			runOnlyForDeploymentPostprocessing = 0;
		};
/* End PBXResourcesBuildPhase section */

/* Begin PBXSourcesBuildPhase section */
		84ECB41919E9C39E00D5F795 /* Sources */ = {
			isa = PBXSourcesBuildPhase;
			buildActionMask = 2147483647;
			files = (
				84ECB48719E9FD3800D5F795 /* InfusionTableViewCell.m in Sources */,
				84ECB46219E9C96800D5F795 /* RunSimulationViewController.m in Sources */,
				BC03F6D81A4623B20088F303 /* MathSolver.cpp in Sources */,
				84ECB42619E9C39E00D5F795 /* AppDelegate.m in Sources */,
				84ECB47919E9E72D00D5F795 /* TextInputTableViewCell.m in Sources */,
				84ECB47D19E9E90900D5F795 /* DataWrapper.m in Sources */,
				849224BB1A34D818006BEBF6 /* ScatterPlot3ViewController.m in Sources */,
				84D91E1019F5A7FD007A2172 /* Inputs.m in Sources */,
				84ECB48219E9FB1400D5F795 /* PageTwoTableViewCell.m in Sources */,
				84ECB42319E9C39E00D5F795 /* main.m in Sources */,
				843863D719F7216A0095E6BB /* StoreData.m in Sources */,
				84ECB47419E9E71900D5F795 /* SwitchTableViewCell.m in Sources */,
				BCF1E9391A61DE7600CEDD9B /* rk45.cpp in Sources */,
				84ECB46719E9C98A00D5F795 /* PageOneInputs.m in Sources */,
				84ECB44919E9C77C00D5F795 /* QuickStartViewController.m in Sources */,
				849224B61A34D804006BEBF6 /* ScatterPlot2ViewController.m in Sources */,
				84ECB45819E9C93400D5F795 /* PageTwoViewController.m in Sources */,
				84ECB46D19E9C9A300D5F795 /* GraphDrawer.m in Sources */,
				84ECB46A19E9C99700D5F795 /* PageTwoInputs.m in Sources */,
				84ECB45319E9C92300D5F795 /* PageOneViewController.m in Sources */,
				849224B11A34D70D006BEBF6 /* TabGraphViewController.m in Sources */,
				84D7B1511A13DF110024DCE5 /* ScatterPlotViewController.m in Sources */,
				843863D419F71DC00095E6BB /* MathComputations.mm in Sources */,
				843CAAB11A6706D80046E549 /* ErrorCheck.m in Sources */,
				84DF601A1A69E92E00CF84F1 /* OverviewPlotsViewController.m in Sources */,
			);
			runOnlyForDeploymentPostprocessing = 0;
		};
		84ECB43219E9C39E00D5F795 /* Sources */ = {
			isa = PBXSourcesBuildPhase;
			buildActionMask = 2147483647;
			files = (
				84ECB43D19E9C39E00D5F795 /* THYROSIMTests.m in Sources */,
			);
			runOnlyForDeploymentPostprocessing = 0;
		};
/* End PBXSourcesBuildPhase section */

/* Begin PBXTargetDependency section */
		845965841A6907EC00D21723 /* PBXTargetDependency */ = {
			isa = PBXTargetDependency;
			name = "CorePlot-CocoaTouch";
			targetProxy = 845965831A6907EC00D21723 /* PBXContainerItemProxy */;
		};
		84ECB43819E9C39E00D5F795 /* PBXTargetDependency */ = {
			isa = PBXTargetDependency;
			target = 84ECB41C19E9C39E00D5F795 /* THYROSIM */;
			targetProxy = 84ECB43719E9C39E00D5F795 /* PBXContainerItemProxy */;
		};
/* End PBXTargetDependency section */

/* Begin XCBuildConfiguration section */
		84ECB43E19E9C39E00D5F795 /* Debug */ = {
			isa = XCBuildConfiguration;
			buildSettings = {
				ALWAYS_SEARCH_USER_PATHS = NO;
				CLANG_CXX_LANGUAGE_STANDARD = "gnu++0x";
				CLANG_CXX_LIBRARY = "libc++";
				CLANG_ENABLE_MODULES = YES;
				CLANG_ENABLE_OBJC_ARC = YES;
				CLANG_WARN_BOOL_CONVERSION = YES;
				CLANG_WARN_CONSTANT_CONVERSION = YES;
				CLANG_WARN_DIRECT_OBJC_ISA_USAGE = YES_ERROR;
				CLANG_WARN_EMPTY_BODY = YES;
				CLANG_WARN_ENUM_CONVERSION = YES;
				CLANG_WARN_INT_CONVERSION = YES;
				CLANG_WARN_OBJC_ROOT_CLASS = YES_ERROR;
				CLANG_WARN_UNREACHABLE_CODE = YES;
				CLANG_WARN__DUPLICATE_METHOD_MATCH = YES;
				"CODE_SIGN_IDENTITY[sdk=iphoneos*]" = "iPhone Developer";
				COPY_PHASE_STRIP = NO;
				ENABLE_STRICT_OBJC_MSGSEND = YES;
				GCC_C_LANGUAGE_STANDARD = gnu99;
				GCC_DYNAMIC_NO_PIC = NO;
				GCC_OPTIMIZATION_LEVEL = 0;
				GCC_PREPROCESSOR_DEFINITIONS = (
					"DEBUG=1",
					"$(inherited)",
				);
				GCC_SYMBOLS_PRIVATE_EXTERN = NO;
				GCC_WARN_64_TO_32_BIT_CONVERSION = YES;
				GCC_WARN_ABOUT_RETURN_TYPE = YES_ERROR;
				GCC_WARN_UNDECLARED_SELECTOR = YES;
				GCC_WARN_UNINITIALIZED_AUTOS = YES_AGGRESSIVE;
				GCC_WARN_UNUSED_FUNCTION = YES;
				GCC_WARN_UNUSED_VARIABLE = YES;
				IPHONEOS_DEPLOYMENT_TARGET = 7.0;
				MTL_ENABLE_DEBUG_INFO = YES;
				ONLY_ACTIVE_ARCH = YES;
				SDKROOT = iphoneos;
			};
			name = Debug;
		};
		84ECB43F19E9C39E00D5F795 /* Release */ = {
			isa = XCBuildConfiguration;
			buildSettings = {
				ALWAYS_SEARCH_USER_PATHS = NO;
				CLANG_CXX_LANGUAGE_STANDARD = "gnu++0x";
				CLANG_CXX_LIBRARY = "libc++";
				CLANG_ENABLE_MODULES = YES;
				CLANG_ENABLE_OBJC_ARC = YES;
				CLANG_WARN_BOOL_CONVERSION = YES;
				CLANG_WARN_CONSTANT_CONVERSION = YES;
				CLANG_WARN_DIRECT_OBJC_ISA_USAGE = YES_ERROR;
				CLANG_WARN_EMPTY_BODY = YES;
				CLANG_WARN_ENUM_CONVERSION = YES;
				CLANG_WARN_INT_CONVERSION = YES;
				CLANG_WARN_OBJC_ROOT_CLASS = YES_ERROR;
				CLANG_WARN_UNREACHABLE_CODE = YES;
				CLANG_WARN__DUPLICATE_METHOD_MATCH = YES;
				"CODE_SIGN_IDENTITY[sdk=iphoneos*]" = "iPhone Developer";
				COPY_PHASE_STRIP = YES;
				ENABLE_NS_ASSERTIONS = NO;
				ENABLE_STRICT_OBJC_MSGSEND = YES;
				GCC_C_LANGUAGE_STANDARD = gnu99;
				GCC_WARN_64_TO_32_BIT_CONVERSION = YES;
				GCC_WARN_ABOUT_RETURN_TYPE = YES_ERROR;
				GCC_WARN_UNDECLARED_SELECTOR = YES;
				GCC_WARN_UNINITIALIZED_AUTOS = YES_AGGRESSIVE;
				GCC_WARN_UNUSED_FUNCTION = YES;
				GCC_WARN_UNUSED_VARIABLE = YES;
				IPHONEOS_DEPLOYMENT_TARGET = 7.0;
				MTL_ENABLE_DEBUG_INFO = NO;
				SDKROOT = iphoneos;
				VALIDATE_PRODUCT = YES;
			};
			name = Release;
		};
		84ECB44119E9C39E00D5F795 /* Debug */ = {
			isa = XCBuildConfiguration;
			buildSettings = {
				ASSETCATALOG_COMPILER_APPICON_NAME = AppIcon;
				ASSETCATALOG_COMPILER_LAUNCHIMAGE_NAME = LaunchImage;
				CODE_SIGN_IDENTITY = "iPhone Developer";
				INFOPLIST_FILE = THYROSIM/Info.plist;
				IPHONEOS_DEPLOYMENT_TARGET = 7.0;
				LD_RUNPATH_SEARCH_PATHS = "$(inherited) @executable_path/Frameworks";
				LIBRARY_SEARCH_PATHS = (
					"$(inherited)",
					"$(PROJECT_DIR)/THYROSIM",
					"/Users/Gu/TheGuSystem/Work/Programming/Projects/THYROSIM/iOSProject/core-plot-master/framework/**",
				);
				OTHER_LDFLAGS = "-ObjC";
				PRODUCT_NAME = "$(TARGET_NAME)";
			};
			name = Debug;
		};
		84ECB44219E9C39E00D5F795 /* Release */ = {
			isa = XCBuildConfiguration;
			buildSettings = {
				ASSETCATALOG_COMPILER_APPICON_NAME = AppIcon;
				ASSETCATALOG_COMPILER_LAUNCHIMAGE_NAME = LaunchImage;
				CODE_SIGN_IDENTITY = "iPhone Developer";
				INFOPLIST_FILE = THYROSIM/Info.plist;
				IPHONEOS_DEPLOYMENT_TARGET = 7.0;
				LD_RUNPATH_SEARCH_PATHS = "$(inherited) @executable_path/Frameworks";
				LIBRARY_SEARCH_PATHS = (
					"$(inherited)",
					"$(PROJECT_DIR)/THYROSIM",
					"/Users/Gu/TheGuSystem/Work/Programming/Projects/THYROSIM/iOSProject/core-plot-master/framework/**",
				);
				OTHER_LDFLAGS = "-ObjC";
				PRODUCT_NAME = "$(TARGET_NAME)";
			};
			name = Release;
		};
		84ECB44419E9C39E00D5F795 /* Debug */ = {
			isa = XCBuildConfiguration;
			buildSettings = {
				BUNDLE_LOADER = "$(TEST_HOST)";
				FRAMEWORK_SEARCH_PATHS = (
					"$(SDKROOT)/Developer/Library/Frameworks",
					"$(inherited)",
				);
				GCC_PREPROCESSOR_DEFINITIONS = (
					"DEBUG=1",
					"$(inherited)",
				);
				INFOPLIST_FILE = THYROSIMTests/Info.plist;
				LD_RUNPATH_SEARCH_PATHS = "$(inherited) @executable_path/Frameworks @loader_path/Frameworks";
				PRODUCT_NAME = "$(TARGET_NAME)";
				TEST_HOST = "$(BUILT_PRODUCTS_DIR)/THYROSIM.app/THYROSIM";
			};
			name = Debug;
		};
		84ECB44519E9C39E00D5F795 /* Release */ = {
			isa = XCBuildConfiguration;
			buildSettings = {
				BUNDLE_LOADER = "$(TEST_HOST)";
				FRAMEWORK_SEARCH_PATHS = (
					"$(SDKROOT)/Developer/Library/Frameworks",
					"$(inherited)",
				);
				INFOPLIST_FILE = THYROSIMTests/Info.plist;
				LD_RUNPATH_SEARCH_PATHS = "$(inherited) @executable_path/Frameworks @loader_path/Frameworks";
				PRODUCT_NAME = "$(TARGET_NAME)";
				TEST_HOST = "$(BUILT_PRODUCTS_DIR)/THYROSIM.app/THYROSIM";
			};
			name = Release;
		};
/* End XCBuildConfiguration section */

/* Begin XCConfigurationList section */
		84ECB41819E9C39E00D5F795 /* Build configuration list for PBXProject "THYROSIM" */ = {
			isa = XCConfigurationList;
			buildConfigurations = (
				84ECB43E19E9C39E00D5F795 /* Debug */,
				84ECB43F19E9C39E00D5F795 /* Release */,
			);
			defaultConfigurationIsVisible = 0;
			defaultConfigurationName = Release;
		};
		84ECB44019E9C39E00D5F795 /* Build configuration list for PBXNativeTarget "THYROSIM" */ = {
			isa = XCConfigurationList;
			buildConfigurations = (
				84ECB44119E9C39E00D5F795 /* Debug */,
				84ECB44219E9C39E00D5F795 /* Release */,
			);
			defaultConfigurationIsVisible = 0;
			defaultConfigurationName = Release;
		};
		84ECB44319E9C39E00D5F795 /* Build configuration list for PBXNativeTarget "THYROSIMTests" */ = {
			isa = XCConfigurationList;
			buildConfigurations = (
				84ECB44419E9C39E00D5F795 /* Debug */,
				84ECB44519E9C39E00D5F795 /* Release */,
			);
			defaultConfigurationIsVisible = 0;
			defaultConfigurationName = Release;
		};
/* End XCConfigurationList section */
	};
	rootObject = 84ECB41519E9C39E00D5F795 /* Project object */;
}
